
Microsoft Visual Studio Solution File, Format Version 12.00
# Visual Studio 15
VisualStudioVersion = 15.0.28307.1525
MinimumVisualStudioVersion = 10.0.40219.1
Project("{FAE04EC0-301F-11D3-BF4B-00C04F79EFBC}") = "Server", "Server.csproj", "{42B9245A-41FA-47BC-AF01-FBE510E1AA0F}"
EndProject
Global
	GlobalSection(SolutionConfigurationPlatforms) = preSolution
		Debug|Any CPU = Debug|Any CPU
		Release|Any CPU = Release|Any CPU
	EndGlobalSection
	GlobalSection(ProjectConfigurationPlatforms) = postSolution
		{42B9245A-41FA-47BC-AF01-FBE510E1AA0F}.Debug|Any CPU.ActiveCfg = Debug|Any CPU
		{42B9245A-41FA-47BC-AF01-FBE510E1AA0F}.Debug|Any CPU.Build.0 = Debug|Any CPU
		{42B9245A-41FA-47BC-AF01-FBE510E1AA0F}.Release|Any CPU.ActiveCfg = Release|Any CPU
		{42B9245A-41FA-47BC-AF01-FBE510E1AA0F}.Release|Any CPU.Build.0 = Release|Any CPU
	EndGlobalSection
	GlobalSection(SolutionProperties) = preSolution
		HideSolutionNode = FALSE
	EndGlobalSection
	GlobalSection(ExtensibilityGlobals) = postSolution
		SolutionGuid = {A4A84101-9DBB-44DD-B0CE-F1B583C382E9}
	EndGlobalSection
EndGlobal
